// !$*UTF8*$!
{
	archiveVersion = 1;
	classes = {
	};
	objectVersion = 56;
	objects = {

/* Begin PBXBuildFile section */
		2C0BB99529EE3B1100BA0150 /* AddView.swift in Sources */ = {isa = PBXBuildFile; fileRef = 2C0BB99429EE3B1100BA0150 /* AddView.swift */; };
		2CC23BBE29EE4E1500EACED7 /* GoalDashboard.swift in Sources */ = {isa = PBXBuildFile; fileRef = 2CC23BBD29EE4E1500EACED7 /* GoalDashboard.swift */; };
		CA29A5E129EF1FEB00906F64 /* Routine.swift in Sources */ = {isa = PBXBuildFile; fileRef = CA29A5E029EF1FEB00906F64 /* Routine.swift */; };
		CA29A5E829EF29EA00906F64 /* PublicData.swift in Sources */ = {isa = PBXBuildFile; fileRef = CA29A5E729EF29EA00906F64 /* PublicData.swift */; };
		CA29A5EC29EF2D3900906F64 /* HobitViewModel.swift in Sources */ = {isa = PBXBuildFile; fileRef = CA29A5EB29EF2D3900906F64 /* HobitViewModel.swift */; };
		CA45FD4529EA550600CB8593 /* RoutineDashboard.swift in Sources */ = {isa = PBXBuildFile; fileRef = CA45FD4429EA550600CB8593 /* RoutineDashboard.swift */; };
		CA45FD4929EA59C500CB8593 /* SubCircleView.swift in Sources */ = {isa = PBXBuildFile; fileRef = CA45FD4829EA59C500CB8593 /* SubCircleView.swift */; };
		CA45FD4B29EA59E200CB8593 /* MainCircleView.swift in Sources */ = {isa = PBXBuildFile; fileRef = CA45FD4A29EA59E200CB8593 /* MainCircleView.swift */; };
		D412497B29E7325C008F9B67 /* HomeView.swift in Sources */ = {isa = PBXBuildFile; fileRef = D412497A29E7325C008F9B67 /* HomeView.swift */; };
		D412497D29E73801008F9B67 /* NavBar.swift in Sources */ = {isa = PBXBuildFile; fileRef = D412497C29E73801008F9B67 /* NavBar.swift */; };
		D419D41F29E5194A0064E89E /* HobitApp.swift in Sources */ = {isa = PBXBuildFile; fileRef = D419D41E29E5194A0064E89E /* HobitApp.swift */; };
		D419D42129E5194A0064E89E /* ContentView.swift in Sources */ = {isa = PBXBuildFile; fileRef = D419D42029E5194A0064E89E /* ContentView.swift */; };
		D419D42329E5194C0064E89E /* Assets.xcassets in Resources */ = {isa = PBXBuildFile; fileRef = D419D42229E5194C0064E89E /* Assets.xcassets */; };
		D419D42629E5194C0064E89E /* Preview Assets.xcassets in Resources */ = {isa = PBXBuildFile; fileRef = D419D42529E5194C0064E89E /* Preview Assets.xcassets */; };
		D41ABA7B29EE54E3006A0057 /* GoalsForm.swift in Sources */ = {isa = PBXBuildFile; fileRef = D41ABA7A29EE54E3006A0057 /* GoalsForm.swift */; };
		D41ABA7D29EE550E006A0057 /* RoutineForm.swift in Sources */ = {isa = PBXBuildFile; fileRef = D41ABA7C29EE550E006A0057 /* RoutineForm.swift */; };
		D41ABA8029EF0614006A0057 /* HabitForm.swift in Sources */ = {isa = PBXBuildFile; fileRef = D41ABA7F29EF0614006A0057 /* HabitForm.swift */; };
		FB8E1A7129E62FF700AE885E /* ProgressCircle.swift in Sources */ = {isa = PBXBuildFile; fileRef = FB8E1A7029E62FF700AE885E /* ProgressCircle.swift */; };
		FB8E1A7329E6326200AE885E /* Colors.swift in Sources */ = {isa = PBXBuildFile; fileRef = FB8E1A7229E6326200AE885E /* Colors.swift */; };
		FB8E1A7629E635EA00AE885E /* HabitDashboard.swift in Sources */ = {isa = PBXBuildFile; fileRef = FB8E1A7529E635EA00AE885E /* HabitDashboard.swift */; };
/* End PBXBuildFile section */

/* Begin PBXFileReference section */
		2C0BB99429EE3B1100BA0150 /* AddView.swift */ = {isa = PBXFileReference; lastKnownFileType = sourcecode.swift; path = AddView.swift; sourceTree = "<group>"; };
		2CC23BBD29EE4E1500EACED7 /* GoalDashboard.swift */ = {isa = PBXFileReference; lastKnownFileType = sourcecode.swift; path = GoalDashboard.swift; sourceTree = "<group>"; };
		CA29A5E029EF1FEB00906F64 /* Routine.swift */ = {isa = PBXFileReference; lastKnownFileType = sourcecode.swift; path = Routine.swift; sourceTree = "<group>"; };
		CA29A5E729EF29EA00906F64 /* PublicData.swift */ = {isa = PBXFileReference; lastKnownFileType = sourcecode.swift; path = PublicData.swift; sourceTree = "<group>"; };
		CA29A5EB29EF2D3900906F64 /* HobitViewModel.swift */ = {isa = PBXFileReference; lastKnownFileType = sourcecode.swift; path = HobitViewModel.swift; sourceTree = "<group>"; };
		CA45FD4429EA550600CB8593 /* RoutineDashboard.swift */ = {isa = PBXFileReference; lastKnownFileType = sourcecode.swift; path = RoutineDashboard.swift; sourceTree = "<group>"; };
		CA45FD4829EA59C500CB8593 /* SubCircleView.swift */ = {isa = PBXFileReference; lastKnownFileType = sourcecode.swift; path = SubCircleView.swift; sourceTree = "<group>"; };
		CA45FD4A29EA59E200CB8593 /* MainCircleView.swift */ = {isa = PBXFileReference; lastKnownFileType = sourcecode.swift; path = MainCircleView.swift; sourceTree = "<group>"; };
		D412497A29E7325C008F9B67 /* HomeView.swift */ = {isa = PBXFileReference; lastKnownFileType = sourcecode.swift; path = HomeView.swift; sourceTree = "<group>"; };
		D412497C29E73801008F9B67 /* NavBar.swift */ = {isa = PBXFileReference; lastKnownFileType = sourcecode.swift; path = NavBar.swift; sourceTree = "<group>"; };
		D419D41B29E5194A0064E89E /* Hobit.app */ = {isa = PBXFileReference; explicitFileType = wrapper.application; includeInIndex = 0; path = Hobit.app; sourceTree = BUILT_PRODUCTS_DIR; };
		D419D41E29E5194A0064E89E /* HobitApp.swift */ = {isa = PBXFileReference; lastKnownFileType = sourcecode.swift; path = HobitApp.swift; sourceTree = "<group>"; };
		D419D42029E5194A0064E89E /* ContentView.swift */ = {isa = PBXFileReference; lastKnownFileType = sourcecode.swift; path = ContentView.swift; sourceTree = "<group>"; };
		D419D42229E5194C0064E89E /* Assets.xcassets */ = {isa = PBXFileReference; lastKnownFileType = folder.assetcatalog; path = Assets.xcassets; sourceTree = "<group>"; };
		D419D42529E5194C0064E89E /* Preview Assets.xcassets */ = {isa = PBXFileReference; lastKnownFileType = folder.assetcatalog; path = "Preview Assets.xcassets"; sourceTree = "<group>"; };
		D41ABA7A29EE54E3006A0057 /* GoalsForm.swift */ = {isa = PBXFileReference; lastKnownFileType = sourcecode.swift; path = GoalsForm.swift; sourceTree = "<group>"; };
		D41ABA7C29EE550E006A0057 /* RoutineForm.swift */ = {isa = PBXFileReference; lastKnownFileType = sourcecode.swift; path = RoutineForm.swift; sourceTree = "<group>"; };
		D41ABA7F29EF0614006A0057 /* HabitForm.swift */ = {isa = PBXFileReference; lastKnownFileType = sourcecode.swift; path = HabitForm.swift; sourceTree = "<group>"; };
		FB8E1A7029E62FF700AE885E /* ProgressCircle.swift */ = {isa = PBXFileReference; lastKnownFileType = sourcecode.swift; path = ProgressCircle.swift; sourceTree = "<group>"; };
		FB8E1A7229E6326200AE885E /* Colors.swift */ = {isa = PBXFileReference; lastKnownFileType = sourcecode.swift; path = Colors.swift; sourceTree = "<group>"; };
		FB8E1A7529E635EA00AE885E /* HabitDashboard.swift */ = {isa = PBXFileReference; lastKnownFileType = sourcecode.swift; path = HabitDashboard.swift; sourceTree = "<group>"; };
/* End PBXFileReference section */

/* Begin PBXFrameworksBuildPhase section */
		D419D41829E5194A0064E89E /* Frameworks */ = {
			isa = PBXFrameworksBuildPhase;
			buildActionMask = 2147483647;
			files = (
			);
			runOnlyForDeploymentPostprocessing = 0;
		};
/* End PBXFrameworksBuildPhase section */

/* Begin PBXGroup section */
		CA29A5E229EF28A000906F64 /* View */ = {
			isa = PBXGroup;
			children = (
				D419D42029E5194A0064E89E /* ContentView.swift */,
				2C0BB99429EE3B1100BA0150 /* AddView.swift */,
				D412497A29E7325C008F9B67 /* HomeView.swift */,
				FB8E1A7529E635EA00AE885E /* HabitDashboard.swift */,
				CA45FD4429EA550600CB8593 /* RoutineDashboard.swift */,
				2CC23BBD29EE4E1500EACED7 /* GoalDashboard.swift */,
				D41ABA7C29EE550E006A0057 /* RoutineForm.swift */,
				D41ABA7F29EF0614006A0057 /* HabitForm.swift */,
				D41ABA7A29EE54E3006A0057 /* GoalsForm.swift */,
				FB8E1A7429E6353200AE885E /* Colors */,
				FB8E1A6F29E62FDD00AE885E /* Helpers */,
			);
			path = View;
			sourceTree = "<group>";
		};
		CA29A5E329EF290100906F64 /* View Model */ = {
			isa = PBXGroup;
			children = (
				CA29A5EB29EF2D3900906F64 /* HobitViewModel.swift */,
			);
			path = "View Model";
			sourceTree = "<group>";
		};
		CA29A5E429EF291800906F64 /* Model */ = {
			isa = PBXGroup;
			children = (
				CA29A5E029EF1FEB00906F64 /* Routine.swift */,
				CA29A5E729EF29EA00906F64 /* PublicData.swift */,
			);
			path = Model;
			sourceTree = "<group>";
		};
		D419D41229E5194A0064E89E = {
			isa = PBXGroup;
			children = (
				D419D41D29E5194A0064E89E /* Hobit */,
				D419D41C29E5194A0064E89E /* Products */,
			);
			sourceTree = "<group>";
		};
		D419D41C29E5194A0064E89E /* Products */ = {
			isa = PBXGroup;
			children = (
				D419D41B29E5194A0064E89E /* Hobit.app */,
			);
			name = Products;
			sourceTree = "<group>";
		};
		D419D41D29E5194A0064E89E /* Hobit */ = {
			isa = PBXGroup;
			children = (
				D419D41E29E5194A0064E89E /* HobitApp.swift */,
				CA29A5E229EF28A000906F64 /* View */,
				CA29A5E329EF290100906F64 /* View Model */,
				CA29A5E429EF291800906F64 /* Model */,
				D419D42229E5194C0064E89E /* Assets.xcassets */,
				D419D42429E5194C0064E89E /* Preview Content */,
			);
			path = Hobit;
			sourceTree = "<group>";
		};
		D419D42429E5194C0064E89E /* Preview Content */ = {
			isa = PBXGroup;
			children = (
				D419D42529E5194C0064E89E /* Preview Assets.xcassets */,
			);
			path = "Preview Content";
			sourceTree = "<group>";
		};
		FB8E1A6F29E62FDD00AE885E /* Helpers */ = {
			isa = PBXGroup;
			children = (
				FB8E1A7029E62FF700AE885E /* ProgressCircle.swift */,
				CA45FD4829EA59C500CB8593 /* SubCircleView.swift */,
				CA45FD4A29EA59E200CB8593 /* MainCircleView.swift */,
				D412497C29E73801008F9B67 /* NavBar.swift */,
			);
			path = Helpers;
			sourceTree = "<group>";
		};
		FB8E1A7429E6353200AE885E /* Colors */ = {
			isa = PBXGroup;
			children = (
				FB8E1A7229E6326200AE885E /* Colors.swift */,
			);
			path = Colors;
			sourceTree = "<group>";
		};
/* End PBXGroup section */

/* Begin PBXNativeTarget section */
		D419D41A29E5194A0064E89E /* Hobit */ = {
			isa = PBXNativeTarget;
			buildConfigurationList = D419D42929E5194C0064E89E /* Build configuration list for PBXNativeTarget "Hobit" */;
			buildPhases = (
				D419D41729E5194A0064E89E /* Sources */,
				D419D41829E5194A0064E89E /* Frameworks */,
				D419D41929E5194A0064E89E /* Resources */,
			);
			buildRules = (
			);
			dependencies = (
			);
			name = Hobit;
			productName = Hobit;
			productReference = D419D41B29E5194A0064E89E /* Hobit.app */;
			productType = "com.apple.product-type.application";
		};
/* End PBXNativeTarget section */

/* Begin PBXProject section */
		D419D41329E5194A0064E89E /* Project object */ = {
			isa = PBXProject;
			attributes = {
				BuildIndependentTargetsInParallel = 1;
				LastSwiftUpdateCheck = 1420;
				LastUpgradeCheck = 1420;
				TargetAttributes = {
					D419D41A29E5194A0064E89E = {
						CreatedOnToolsVersion = 14.2;
					};
				};
			};
			buildConfigurationList = D419D41629E5194A0064E89E /* Build configuration list for PBXProject "Hobit" */;
			compatibilityVersion = "Xcode 14.0";
			developmentRegion = en;
			hasScannedForEncodings = 0;
			knownRegions = (
				en,
				Base,
			);
			mainGroup = D419D41229E5194A0064E89E;
			productRefGroup = D419D41C29E5194A0064E89E /* Products */;
			projectDirPath = "";
			projectRoot = "";
			targets = (
				D419D41A29E5194A0064E89E /* Hobit */,
			);
		};
/* End PBXProject section */

/* Begin PBXResourcesBuildPhase section */
		D419D41929E5194A0064E89E /* Resources */ = {
			isa = PBXResourcesBuildPhase;
			buildActionMask = 2147483647;
			files = (
				D419D42629E5194C0064E89E /* Preview Assets.xcassets in Resources */,
				D419D42329E5194C0064E89E /* Assets.xcassets in Resources */,
			);
			runOnlyForDeploymentPostprocessing = 0;
		};
/* End PBXResourcesBuildPhase section */

/* Begin PBXSourcesBuildPhase section */
		D419D41729E5194A0064E89E /* Sources */ = {
			isa = PBXSourcesBuildPhase;
			buildActionMask = 2147483647;
			files = (
				D41ABA7D29EE550E006A0057 /* RoutineForm.swift in Sources */,
				D41ABA8029EF0614006A0057 /* HabitForm.swift in Sources */,
				D419D42129E5194A0064E89E /* ContentView.swift in Sources */,
				2CC23BBE29EE4E1500EACED7 /* GoalDashboard.swift in Sources */,
				CA45FD4B29EA59E200CB8593 /* MainCircleView.swift in Sources */,
				FB8E1A7329E6326200AE885E /* Colors.swift in Sources */,
				FB8E1A7629E635EA00AE885E /* HabitDashboard.swift in Sources */,
				D412497B29E7325C008F9B67 /* HomeView.swift in Sources */,
				D412497D29E73801008F9B67 /* NavBar.swift in Sources */,
				2C0BB99529EE3B1100BA0150 /* AddView.swift in Sources */,
				FB8E1A7129E62FF700AE885E /* ProgressCircle.swift in Sources */,
				CA45FD4929EA59C500CB8593 /* SubCircleView.swift in Sources */,
				D41ABA7B29EE54E3006A0057 /* GoalsForm.swift in Sources */,
				D419D41F29E5194A0064E89E /* HobitApp.swift in Sources */,
				CA29A5E129EF1FEB00906F64 /* Routine.swift in Sources */,
				CA29A5EC29EF2D3900906F64 /* HobitViewModel.swift in Sources */,
				CA45FD4529EA550600CB8593 /* RoutineDashboard.swift in Sources */,
				CA29A5E829EF29EA00906F64 /* PublicData.swift in Sources */,
			);
			runOnlyForDeploymentPostprocessing = 0;
		};
/* End PBXSourcesBuildPhase section */

/* Begin XCBuildConfiguration section */
		D419D42729E5194C0064E89E /* Debug */ = {
			isa = XCBuildConfiguration;
			buildSettings = {
				ALWAYS_SEARCH_USER_PATHS = NO;
				CLANG_ANALYZER_NONNULL = YES;
				CLANG_ANALYZER_NUMBER_OBJECT_CONVERSION = YES_AGGRESSIVE;
				CLANG_CXX_LANGUAGE_STANDARD = "gnu++20";
				CLANG_ENABLE_MODULES = YES;
				CLANG_ENABLE_OBJC_ARC = YES;
				CLANG_ENABLE_OBJC_WEAK = YES;
				CLANG_WARN_BLOCK_CAPTURE_AUTORELEASING = YES;
				CLANG_WARN_BOOL_CONVERSION = YES;
				CLANG_WARN_COMMA = YES;
				CLANG_WARN_CONSTANT_CONVERSION = YES;
				CLANG_WARN_DEPRECATED_OBJC_IMPLEMENTATIONS = YES;
				CLANG_WARN_DIRECT_OBJC_ISA_USAGE = YES_ERROR;
				CLANG_WARN_DOCUMENTATION_COMMENTS = YES;
				CLANG_WARN_EMPTY_BODY = YES;
				CLANG_WARN_ENUM_CONVERSION = YES;
				CLANG_WARN_INFINITE_RECURSION = YES;
				CLANG_WARN_INT_CONVERSION = YES;
				CLANG_WARN_NON_LITERAL_NULL_CONVERSION = YES;
				CLANG_WARN_OBJC_IMPLICIT_RETAIN_SELF = YES;
				CLANG_WARN_OBJC_LITERAL_CONVERSION = YES;
				CLANG_WARN_OBJC_ROOT_CLASS = YES_ERROR;
				CLANG_WARN_QUOTED_INCLUDE_IN_FRAMEWORK_HEADER = YES;
				CLANG_WARN_RANGE_LOOP_ANALYSIS = YES;
				CLANG_WARN_STRICT_PROTOTYPES = YES;
				CLANG_WARN_SUSPICIOUS_MOVE = YES;
				CLANG_WARN_UNGUARDED_AVAILABILITY = YES_AGGRESSIVE;
				CLANG_WARN_UNREACHABLE_CODE = YES;
				CLANG_WARN__DUPLICATE_METHOD_MATCH = YES;
				COPY_PHASE_STRIP = NO;
				DEBUG_INFORMATION_FORMAT = dwarf;
				ENABLE_STRICT_OBJC_MSGSEND = YES;
				ENABLE_TESTABILITY = YES;
				GCC_C_LANGUAGE_STANDARD = gnu11;
				GCC_DYNAMIC_NO_PIC = NO;
				GCC_NO_COMMON_BLOCKS = YES;
				GCC_OPTIMIZATION_LEVEL = 0;
				GCC_PREPROCESSOR_DEFINITIONS = (
					"DEBUG=1",
					"$(inherited)",
				);
				GCC_WARN_64_TO_32_BIT_CONVERSION = YES;
				GCC_WARN_ABOUT_RETURN_TYPE = YES_ERROR;
				GCC_WARN_UNDECLARED_SELECTOR = YES;
				GCC_WARN_UNINITIALIZED_AUTOS = YES_AGGRESSIVE;
				GCC_WARN_UNUSED_FUNCTION = YES;
				GCC_WARN_UNUSED_VARIABLE = YES;
				IPHONEOS_DEPLOYMENT_TARGET = 16.2;
				MTL_ENABLE_DEBUG_INFO = INCLUDE_SOURCE;
				MTL_FAST_MATH = YES;
				ONLY_ACTIVE_ARCH = YES;
				SDKROOT = iphoneos;
				SWIFT_ACTIVE_COMPILATION_CONDITIONS = DEBUG;
				SWIFT_OPTIMIZATION_LEVEL = "-Onone";
			};
			name = Debug;
		};
		D419D42829E5194C0064E89E /* Release */ = {
			isa = XCBuildConfiguration;
			buildSettings = {
				ALWAYS_SEARCH_USER_PATHS = NO;
				CLANG_ANALYZER_NONNULL = YES;
				CLANG_ANALYZER_NUMBER_OBJECT_CONVERSION = YES_AGGRESSIVE;
				CLANG_CXX_LANGUAGE_STANDARD = "gnu++20";
				CLANG_ENABLE_MODULES = YES;
				CLANG_ENABLE_OBJC_ARC = YES;
				CLANG_ENABLE_OBJC_WEAK = YES;
				CLANG_WARN_BLOCK_CAPTURE_AUTORELEASING = YES;
				CLANG_WARN_BOOL_CONVERSION = YES;
				CLANG_WARN_COMMA = YES;
				CLANG_WARN_CONSTANT_CONVERSION = YES;
				CLANG_WARN_DEPRECATED_OBJC_IMPLEMENTATIONS = YES;
				CLANG_WARN_DIRECT_OBJC_ISA_USAGE = YES_ERROR;
				CLANG_WARN_DOCUMENTATION_COMMENTS = YES;
				CLANG_WARN_EMPTY_BODY = YES;
				CLANG_WARN_ENUM_CONVERSION = YES;
				CLANG_WARN_INFINITE_RECURSION = YES;
				CLANG_WARN_INT_CONVERSION = YES;
				CLANG_WARN_NON_LITERAL_NULL_CONVERSION = YES;
				CLANG_WARN_OBJC_IMPLICIT_RETAIN_SELF = YES;
				CLANG_WARN_OBJC_LITERAL_CONVERSION = YES;
				CLANG_WARN_OBJC_ROOT_CLASS = YES_ERROR;
				CLANG_WARN_QUOTED_INCLUDE_IN_FRAMEWORK_HEADER = YES;
				CLANG_WARN_RANGE_LOOP_ANALYSIS = YES;
				CLANG_WARN_STRICT_PROTOTYPES = YES;
				CLANG_WARN_SUSPICIOUS_MOVE = YES;
				CLANG_WARN_UNGUARDED_AVAILABILITY = YES_AGGRESSIVE;
				CLANG_WARN_UNREACHABLE_CODE = YES;
				CLANG_WARN__DUPLICATE_METHOD_MATCH = YES;
				COPY_PHASE_STRIP = NO;
				DEBUG_INFORMATION_FORMAT = "dwarf-with-dsym";
				ENABLE_NS_ASSERTIONS = NO;
				ENABLE_STRICT_OBJC_MSGSEND = YES;
				GCC_C_LANGUAGE_STANDARD = gnu11;
				GCC_NO_COMMON_BLOCKS = YES;
				GCC_WARN_64_TO_32_BIT_CONVERSION = YES;
				GCC_WARN_ABOUT_RETURN_TYPE = YES_ERROR;
				GCC_WARN_UNDECLARED_SELECTOR = YES;
				GCC_WARN_UNINITIALIZED_AUTOS = YES_AGGRESSIVE;
				GCC_WARN_UNUSED_FUNCTION = YES;
				GCC_WARN_UNUSED_VARIABLE = YES;
				IPHONEOS_DEPLOYMENT_TARGET = 16.2;
				MTL_ENABLE_DEBUG_INFO = NO;
				MTL_FAST_MATH = YES;
				SDKROOT = iphoneos;
				SWIFT_COMPILATION_MODE = wholemodule;
				SWIFT_OPTIMIZATION_LEVEL = "-O";
				VALIDATE_PRODUCT = YES;
			};
			name = Release;
		};
		D419D42A29E5194C0064E89E /* Debug */ = {
			isa = XCBuildConfiguration;
			buildSettings = {
				ASSETCATALOG_COMPILER_APPICON_NAME = AppIcon;
				ASSETCATALOG_COMPILER_GLOBAL_ACCENT_COLOR_NAME = AccentColor;
				CODE_SIGN_STYLE = Automatic;
				CURRENT_PROJECT_VERSION = 1;
				DEVELOPMENT_ASSET_PATHS = "\"Hobit/Preview Content\"";
				ENABLE_PREVIEWS = YES;
				GENERATE_INFOPLIST_FILE = YES;
				INFOPLIST_KEY_UIApplicationSceneManifest_Generation = YES;
				INFOPLIST_KEY_UIApplicationSupportsIndirectInputEvents = YES;
				INFOPLIST_KEY_UILaunchScreen_Generation = YES;
				INFOPLIST_KEY_UISupportedInterfaceOrientations_iPad = "UIInterfaceOrientationPortrait UIInterfaceOrientationPortraitUpsideDown UIInterfaceOrientationLandscapeLeft UIInterfaceOrientationLandscapeRight";
				INFOPLIST_KEY_UISupportedInterfaceOrientations_iPhone = "UIInterfaceOrientationPortrait UIInterfaceOrientationLandscapeLeft UIInterfaceOrientationLandscapeRight";
				LD_RUNPATH_SEARCH_PATHS = (
					"$(inherited)",
					"@executable_path/Frameworks",
				);
				MARKETING_VERSION = 1.0;
				PRODUCT_BUNDLE_IDENTIFIER = com.example.Hobit;
				PRODUCT_NAME = "$(TARGET_NAME)";
				SWIFT_EMIT_LOC_STRINGS = YES;
				SWIFT_VERSION = 5.0;
				TARGETED_DEVICE_FAMILY = "1,2";
			};
			name = Debug;
		};
		D419D42B29E5194C0064E89E /* Release */ = {
			isa = XCBuildConfiguration;
			buildSettings = {
				ASSETCATALOG_COMPILER_APPICON_NAME = AppIcon;
				ASSETCATALOG_COMPILER_GLOBAL_ACCENT_COLOR_NAME = AccentColor;
				CODE_SIGN_STYLE = Automatic;
				CURRENT_PROJECT_VERSION = 1;
				DEVELOPMENT_ASSET_PATHS = "\"Hobit/Preview Content\"";
				ENABLE_PREVIEWS = YES;
				GENERATE_INFOPLIST_FILE = YES;
				INFOPLIST_KEY_UIApplicationSceneManifest_Generation = YES;
				INFOPLIST_KEY_UIApplicationSupportsIndirectInputEvents = YES;
				INFOPLIST_KEY_UILaunchScreen_Generation = YES;
				INFOPLIST_KEY_UISupportedInterfaceOrientations_iPad = "UIInterfaceOrientationPortrait UIInterfaceOrientationPortraitUpsideDown UIInterfaceOrientationLandscapeLeft UIInterfaceOrientationLandscapeRight";
				INFOPLIST_KEY_UISupportedInterfaceOrientations_iPhone = "UIInterfaceOrientationPortrait UIInterfaceOrientationLandscapeLeft UIInterfaceOrientationLandscapeRight";
				LD_RUNPATH_SEARCH_PATHS = (
					"$(inherited)",
					"@executable_path/Frameworks",
				);
				MARKETING_VERSION = 1.0;
				PRODUCT_BUNDLE_IDENTIFIER = com.example.Hobit;
				PRODUCT_NAME = "$(TARGET_NAME)";
				SWIFT_EMIT_LOC_STRINGS = YES;
				SWIFT_VERSION = 5.0;
				TARGETED_DEVICE_FAMILY = "1,2";
			};
			name = Release;
		};
/* End XCBuildConfiguration section */

/* Begin XCConfigurationList section */
		D419D41629E5194A0064E89E /* Build configuration list for PBXProject "Hobit" */ = {
			isa = XCConfigurationList;
			buildConfigurations = (
				D419D42729E5194C0064E89E /* Debug */,
				D419D42829E5194C0064E89E /* Release */,
			);
			defaultConfigurationIsVisible = 0;
			defaultConfigurationName = Release;
		};
		D419D42929E5194C0064E89E /* Build configuration list for PBXNativeTarget "Hobit" */ = {
			isa = XCConfigurationList;
			buildConfigurations = (
				D419D42A29E5194C0064E89E /* Debug */,
				D419D42B29E5194C0064E89E /* Release */,
			);
			defaultConfigurationIsVisible = 0;
			defaultConfigurationName = Release;
		};
/* End XCConfigurationList section */
	};
	rootObject = D419D41329E5194A0064E89E /* Project object */;
}
